
Microsoft Visual Studio Solution File, Format Version 12.00
# Visual Studio Version 17
VisualStudioVersion = 17.3.32922.545
MinimumVisualStudioVersion = 10.0.40219.1
Project("{FAE04EC0-301F-11D3-BF4B-00C04F79EFBC}") = "AssignmentForRestSharp", "AssignmentForRestSharp\AssignmentForRestSharp.csproj", "{6E271C47-44A4-4CAC-BEB6-B4F0D5917171}"
EndProject
Global
	GlobalSection(SolutionConfigurationPlatforms) = preSolution
		Debug|Any CPU = Debug|Any CPU
		Release|Any CPU = Release|Any CPU
	EndGlobalSection
	GlobalSection(ProjectConfigurationPlatforms) = postSolution
		{6E271C47-44A4-4CAC-BEB6-B4F0D5917171}.Debug|Any CPU.ActiveCfg = Debug|Any CPU
		{6E271C47-44A4-4CAC-BEB6-B4F0D5917171}.Debug|Any CPU.Build.0 = Debug|Any CPU
		{6E271C47-44A4-4CAC-BEB6-B4F0D5917171}.Release|Any CPU.ActiveCfg = Release|Any CPU
		{6E271C47-44A4-4CAC-BEB6-B4F0D5917171}.Release|Any CPU.Build.0 = Release|Any CPU
	EndGlobalSection
	GlobalSection(SolutionProperties) = preSolution
		HideSolutionNode = FALSE
	EndGlobalSection
	GlobalSection(ExtensibilityGlobals) = postSolution
		SolutionGuid = {350C8B94-0254-44CA-A4DA-8F9DEB8FD93D}
	EndGlobalSection
EndGlobal
